<?xml version="1.0" encoding="utf-8"?>
<Project ToolsVersion="4.0" xmlns="http://schemas.microsoft.com/developer/msbuild/2003">
  <ItemGroup>
    <Filter Include="Source Files">
      <UniqueIdentifier>{c56e9160-5af4-4290-9b6c-166a3257fec0}</UniqueIdentifier>
      <Extensions>cpp;c;cxx;rc;def;r;odl;idl;hpj;bat</Extensions>
    </Filter>
    <Filter Include="Header Files">
      <UniqueIdentifier>{ac9a3f6e-923b-4d89-a5d9-0010d084ba82}</UniqueIdentifier>
      <Extensions>h;hpp;hxx;hm;inl</Extensions>
    </Filter>
    <Filter Include="Resource Files">
      <UniqueIdentifier>{f5515a61-8fd8-49e9-9f50-45f7068ea7ac}</UniqueIdentifier>
      <Extensions>ico;cur;bmp;dlg;rc2;rct;bin;rgs;gif;jpg;jpeg;jpe</Extensions>
    </Filter>
  </ItemGroup>
  <ItemGroup>
    <ClCompile Include="alarms.cpp">
      <Filter>Source Files</Filter>
    </ClCompile>
    <ClCompile Include="Bstream.cpp">
      <Filter>Source Files</Filter>
    </ClCompile>
    <ClCompile Include="DisplayLocation.cpp">
      <Filter>Source Files</Filter>
    </ClCompile>
    <ClCompile Include="DlgAlarmDetails.cpp">
      <Filter>Source Files</Filter>
    </ClCompile>
    <ClCompile Include="DlgAlarmMessage.cpp">
      <Filter>Source Files</Filter>
    </ClCompile>
    <ClCompile Include="DlgAlarms.cpp">
      <Filter>Source Files</Filter>
    </ClCompile>
    <ClCompile Include="DlgLocation.cpp">
      <Filter>Source Files</Filter>
    </ClCompile>
    <ClCompile Include="DlgLocationDetails.cpp">
      <Filter>Source Files</Filter>
    </ClCompile>
    <ClCompile Include="DlgMember.cpp">
      <Filter>Source Files</Filter>
    </ClCompile>
    <ClCompile Include="DlgMemberAdd.cpp">
      <Filter>Source Files</Filter>
    </ClCompile>
    <ClCompile Include="DlgUpdater.cpp">
      <Filter>Source Files</Filter>
    </ClCompile>
    <ClCompile Include="Label.cpp">
      <Filter>Source Files</Filter>
    </ClCompile>
    <ClCompile Include="List.cpp">
      <Filter>Source Files</Filter>
    </ClCompile>
    <ClCompile Include="Location.cpp">
      <Filter>Source Files</Filter>
    </ClCompile>
    <ClCompile Include="Member.cpp">
      <Filter>Source Files</Filter>
    </ClCompile>
    <ClCompile Include="OptionsDlg.cpp">
      <Filter>Source Files</Filter>
    </ClCompile>
    <ClCompile Include="PrefLocationPropPage.cpp">
      <Filter>Source Files</Filter>
    </ClCompile>
    <ClCompile Include="PrefPropSheet.cpp">
      <Filter>Source Files</Filter>
    </ClCompile>
    <ClCompile Include="PrefSoundsPropPage.cpp">
      <Filter>Source Files</Filter>
    </ClCompile>
    <ClCompile Include="PrefTemplatePropPage.cpp">
      <Filter>Source Files</Filter>
    </ClCompile>
    <ClCompile Include="PrefTimePropPage.cpp">
      <Filter>Source Files</Filter>
    </ClCompile>
    <ClCompile Include="Skin.cpp">
      <Filter>Source Files</Filter>
    </ClCompile>
    <ClCompile Include="SkinDlg.cpp">
      <Filter>Source Files</Filter>
    </ClCompile>
    <ClCompile Include="Sounds.cpp">
      <Filter>Source Files</Filter>
    </ClCompile>
    <ClCompile Include="StdAfx.cpp">
      <Filter>Source Files</Filter>
    </ClCompile>
    <ClCompile Include="TimeSync.cpp">
      <Filter>Source Files</Filter>
    </ClCompile>
    <ClCompile Include="TrayIcon.cpp">
      <Filter>Source Files</Filter>
    </ClCompile>
    <ClCompile Include="Copy of Bstream.cpp">
      <Filter>Source Files</Filter>
    </ClCompile>
    <ClCompile Include="Copy of List.cpp">
      <Filter>Source Files</Filter>
    </ClCompile>
    <ClCompile Include="Copy of Location.cpp">
      <Filter>Source Files</Filter>
    </ClCompile>
    <ClCompile Include="PrefMainPropPage.cpp">
      <Filter>Source Files</Filter>
    </ClCompile>
  </ItemGroup>
  <ItemGroup>
    <ResourceCompile Include="Skin.rc">
      <Filter>Source Files</Filter>
    </ResourceCompile>
  </ItemGroup>
  <ItemGroup>
    <ClInclude Include="alarms.h">
      <Filter>Header Files</Filter>
    </ClInclude>
    <ClInclude Include="Bstream.h">
      <Filter>Header Files</Filter>
    </ClInclude>
    <ClInclude Include="DisplayLocation.h">
      <Filter>Header Files</Filter>
    </ClInclude>
    <ClInclude Include="DlgAlarmDetails.h">
      <Filter>Header Files</Filter>
    </ClInclude>
    <ClInclude Include="DlgAlarmMessage.h">
      <Filter>Header Files</Filter>
    </ClInclude>
    <ClInclude Include="DlgAlarms.h">
      <Filter>Header Files</Filter>
    </ClInclude>
    <ClInclude Include="DlgLocation.h">
      <Filter>Header Files</Filter>
    </ClInclude>
    <ClInclude Include="DlgLocationDetails.h">
      <Filter>Header Files</Filter>
    </ClInclude>
    <ClInclude Include="DlgMember.h">
      <Filter>Header Files</Filter>
    </ClInclude>
    <ClInclude Include="DlgMemberAdd.h">
      <Filter>Header Files</Filter>
    </ClInclude>
    <ClInclude Include="DlgUpdater.h">
      <Filter>Header Files</Filter>
    </ClInclude>
    <ClInclude Include="Label.h">
      <Filter>Header Files</Filter>
    </ClInclude>
    <ClInclude Include="List.h">
      <Filter>Header Files</Filter>
    </ClInclude>
    <ClInclude Include="Location.h">
      <Filter>Header Files</Filter>
    </ClInclude>
    <ClInclude Include="Member.h">
      <Filter>Header Files</Filter>
    </ClInclude>
    <ClInclude Include="OptionsDlg.h">
      <Filter>Header Files</Filter>
    </ClInclude>
    <ClInclude Include="PrefLocationPropPage.h">
      <Filter>Header Files</Filter>
    </ClInclude>
    <ClInclude Include="PrefPropSheet.h">
      <Filter>Header Files</Filter>
    </ClInclude>
    <ClInclude Include="PrefSoundsPropPage.h">
      <Filter>Header Files</Filter>
    </ClInclude>
    <ClInclude Include="PrefTemplatePropPage.h">
      <Filter>Header Files</Filter>
    </ClInclude>
    <ClInclude Include="PrefTimePropPage.h">
      <Filter>Header Files</Filter>
    </ClInclude>
    <ClInclude Include="Resource.h">
      <Filter>Header Files</Filter>
    </ClInclude>
    <ClInclude Include="Skin.h">
      <Filter>Header Files</Filter>
    </ClInclude>
    <ClInclude Include="SkinDlg.h">
      <Filter>Header Files</Filter>
    </ClInclude>
    <ClInclude Include="Sounds.h">
      <Filter>Header Files</Filter>
    </ClInclude>
    <ClInclude Include="StdAfx.h">
      <Filter>Header Files</Filter>
    </ClInclude>
    <ClInclude Include="TimeSync.h">
      <Filter>Header Files</Filter>
    </ClInclude>
    <ClInclude Include="TrayIcon.h">
      <Filter>Header Files</Filter>
    </ClInclude>
    <ClInclude Include="Copy of Bstream.h">
      <Filter>Header Files</Filter>
    </ClInclude>
    <ClInclude Include="Copy of List.h">
      <Filter>Header Files</Filter>
    </ClInclude>
    <ClInclude Include="PrefMainPropPage.h">
      <Filter>Header Files</Filter>
    </ClInclude>
  </ItemGroup>
  <ItemGroup>
    <Image Include="res\adddisplay.ico">
      <Filter>Resource Files</Filter>
    </Image>
    <Image Include="res\addlocation.ico">
      <Filter>Resource Files</Filter>
    </Image>
    <Image Include="res\alarm.ico">
      <Filter>Resource Files</Filter>
    </Image>
    <Image Include="res\display.ico">
      <Filter>Resource Files</Filter>
    </Image>
    <Image Include="res\help.ico">
      <Filter>Resource Files</Filter>
    </Image>
    <Image Include="res\icon1.ico">
      <Filter>Resource Files</Filter>
    </Image>
    <Image Include="res\location.ico">
      <Filter>Resource Files</Filter>
    </Image>
    <Image Include="res\location_small.ico">
      <Filter>Resource Files</Filter>
    </Image>
    <Image Include="res\locations.ico">
      <Filter>Resource Files</Filter>
    </Image>
    <Image Include="res\member.ico">
      <Filter>Resource Files</Filter>
    </Image>
    <Image Include="res\Member_Small.ico">
      <Filter>Resource Files</Filter>
    </Image>
    <Image Include="res\preferences.ico">
      <Filter>Resource Files</Filter>
    </Image>
    <Image Include="res\Skin.ico">
      <Filter>Resource Files</Filter>
    </Image>
    <Image Include="res\skins.ico">
      <Filter>Resource Files</Filter>
    </Image>
    <Image Include="res\template.ico">
      <Filter>Resource Files</Filter>
    </Image>
    <Image Include="res\updater.ico">
      <Filter>Resource Files</Filter>
    </Image>
    <Image Include="background.tga" />
    <Image Include="Egg copy.bmp">
      <Filter>Resource Files</Filter>
    </Image>
    <Image Include="Egg copy.tga" />
    <Image Include="Egg.tga" />
    <Image Include="eq button.bmp">
      <Filter>Resource Files</Filter>
    </Image>
    <Image Include="eq close mouse.bmp">
      <Filter>Resource Files</Filter>
    </Image>
    <Image Include="eq close.bmp">
      <Filter>Resource Files</Filter>
    </Image>
    <Image Include="eq min mouse.bmp">
      <Filter>Resource Files</Filter>
    </Image>
    <Image Include="eq min.bmp">
      <Filter>Resource Files</Filter>
    </Image>
    <Image Include="eq options.bmp">
      <Filter>Resource Files</Filter>
    </Image>
    <Image Include="eq ss.jpg">
      <Filter>Resource Files</Filter>
    </Image>
    <Image Include="eq temp.bmp">
      <Filter>Resource Files</Filter>
    </Image>
    <Image Include="eq.bmp">
      <Filter>Resource Files</Filter>
    </Image>
    <Image Include="eq2.bmp">
      <Filter>Resource Files</Filter>
    </Image>
    <Image Include="eq3.bmp">
      <Filter>Resource Files</Filter>
    </Image>
    <Image Include="globe_hilite.tga" />
    <Image Include="globe_normal.tga" />
    <Image Include="localtime background copy.bmp">
      <Filter>Resource Files</Filter>
    </Image>
    <Image Include="localtime background copy.tga" />
    <Image Include="localtime background.bmp">
      <Filter>Resource Files</Filter>
    </Image>
    <Image Include="localtime background.tga" />
    <Image Include="lost dungeon.bmp">
      <Filter>Resource Files</Filter>
    </Image>
    <Image Include="map.bmp">
      <Filter>Resource Files</Filter>
    </Image>
    <Image Include="map.tga" />
    <Image Include="page background.bmp">
      <Filter>Resource Files</Filter>
    </Image>
    <Image Include="SplashPicture settings.tga" />
    <Image Include="SplashPicture.tga" />
    <Image Include="text background 2.bmp">
      <Filter>Resource Files</Filter>
    </Image>
    <Image Include="text background copy.bmp">
      <Filter>Resource Files</Filter>
    </Image>
    <Image Include="text background copy.tga" />
    <Image Include="text background.bmp">
      <Filter>Resource Files</Filter>
    </Image>
    <Image Include="text background.tga" />
    <Image Include="text.bmp">
      <Filter>Resource Files</Filter>
    </Image>
    <Image Include="worldmap copy.tga" />
    <Image Include="worldmap new.tga" />
    <Image Include="worldmap wip.tga" />
    <Image Include="worldmap wip2.tga" />
    <Image Include="worldmap.bmp">
      <Filter>Resource Files</Filter>
    </Image>
    <Image Include="worldmap.tga" />
    <Image Include="data\eqcomments.JPG">
      <Filter>Resource Files</Filter>
    </Image>
    <Image Include="data\screen.gif">
      <Filter>Resource Files</Filter>
    </Image>
    <Image Include="data\screen1.gif">
      <Filter>Resource Files</Filter>
    </Image>
    <Image Include="data\screen2.gif">
      <Filter>Resource Files</Filter>
    </Image>
    <Image Include="Work\2green.gif">
      <Filter>Resource Files</Filter>
    </Image>
    <Image Include="Work\25.gif">
      <Filter>Resource Files</Filter>
    </Image>
    <Image Include="Work\Arrow-e-.gif">
      <Filter>Resource Files</Filter>
    </Image>
    <Image Include="Work\b1.gif">
      <Filter>Resource Files</Filter>
    </Image>
    <Image Include="Work\b2.gif">
      <Filter>Resource Files</Filter>
    </Image>
    <Image Include="Work\ball.bmp">
      <Filter>Resource Files</Filter>
    </Image>
    <Image Include="Work\ball.gif">
      <Filter>Resource Files</Filter>
    </Image>
    <Image Include="Work\ball5-2.bmp">
      <Filter>Resource Files</Filter>
    </Image>
    <Image Include="Work\ball9.gif">
      <Filter>Resource Files</Filter>
    </Image>
    <Image Include="Work\Blue Notepad.bmp">
      <Filter>Resource Files</Filter>
    </Image>
    <Image Include="Work\b-studio.tga" />
    <Image Include="Work\button hilite.bmp">
      <Filter>Resource Files</Filter>
    </Image>
    <Image Include="Work\button normal.bmp">
      <Filter>Resource Files</Filter>
    </Image>
    <Image Include="Work\button template.bmp">
      <Filter>Resource Files</Filter>
    </Image>
    <Image Include="Work\Button Template.tga" />
    <Image Include="Work\checkboxes.tga" />
    <Image Include="Work\close hilite.bmp">
      <Filter>Resource Files</Filter>
    </Image>
    <Image Include="Work\close normal.bmp">
      <Filter>Resource Files</Filter>
    </Image>
    <Image Include="Work\dot16 copy.bmp">
      <Filter>Resource Files</Filter>
    </Image>
    <Image Include="Work\dot16.gif">
      <Filter>Resource Files</Filter>
    </Image>
    <Image Include="Work\dot17 copy.bmp">
      <Filter>Resource Files</Filter>
    </Image>
    <Image Include="Work\dot17.gif">
      <Filter>Resource Files</Filter>
    </Image>
    <Image Include="Work\flag copy.tga" />
    <Image Include="Work\flag hilite.bmp">
      <Filter>Resource Files</Filter>
    </Image>
    <Image Include="Work\flag hilite.tga" />
    <Image Include="Work\flag normal.tga" />
    <Image Include="Work\flag.gif">
      <Filter>Resource Files</Filter>
    </Image>
    <Image Include="Work\help hilite.bmp">
      <Filter>Resource Files</Filter>
    </Image>
    <Image Include="Work\help normal.bmp">
      <Filter>Resource Files</Filter>
    </Image>
    <Image Include="Work\Help normal.tga" />
    <Image Include="Work\left arrow hilite.bmp">
      <Filter>Resource Files</Filter>
    </Image>
    <Image Include="Work\left arrow hilite.tga" />
    <Image Include="Work\left arrow normal.bmp">
      <Filter>Resource Files</Filter>
    </Image>
    <Image Include="Work\left arrow normal.tga" />
    <Image Include="Work\main.tga" />
    <Image Include="Work\Mask_ExitButton.tga" />
    <Image Include="Work\Mask_MinimizeButton.tga" />
    <Image Include="Work\min hilite.bmp">
      <Filter>Resource Files</Filter>
    </Image>
    <Image Include="Work\min normal.bmp">
      <Filter>Resource Files</Filter>
    </Image>
    <Image Include="Work\nextoff.tga" />
    <Image Include="Work\nexton.tga" />
    <Image Include="Work\options hilite.bmp">
      <Filter>Resource Files</Filter>
    </Image>
    <Image Include="Work\Options normal.bmp">
      <Filter>Resource Files</Filter>
    </Image>
    <Image Include="Work\Options.bmp">
      <Filter>Resource Files</Filter>
    </Image>
    <Image Include="Work\prevoff.tga" />
    <Image Include="Work\prevon.tga" />
    <Image Include="Work\radiobuttons.tga" />
    <Image Include="Work\right arrow hilite.bmp">
      <Filter>Resource Files</Filter>
    </Image>
    <Image Include="Work\right arrow hilite.tga" />
    <Image Include="Work\right arrow normal.bmp">
      <Filter>Resource Files</Filter>
    </Image>
    <Image Include="Work\right arrow normal.tga" />
    <Image Include="Work\slider-h.tga" />
    <Image Include="Work\slider-h-a.tga" />
    <Image Include="Work\slider-v.tga" />
    <Image Include="Work\slider-v-a.tga" />
    <Image Include="Work\titlebar.jpg">
      <Filter>Resource Files</Filter>
    </Image>
    <Image Include="Work\XP9_close.BMP">
      <Filter>Resource Files</Filter>
    </Image>
  </ItemGroup>
  <ItemGroup>
    <None Include="res\Skin.rc2">
      <Filter>Resource Files</Filter>
    </None>
    <None Include="UpgradeLog.htm" />
    <None Include="actskn43.tlh" />
    <None Include="color" />
    <None Include="default.skn" />
    <None Include="Localtime_green.skn" />
    <None Include="Localtime_Orange.skn" />
    <None Include="locations.dat" />
    <None Include="locations_WorkInProgress.woe" />
    <None Include="locations_WorkInProgress.wt2003" />
    <None Include="map stencil 2.psd" />
    <None Include="map stencil no text.psd" />
    <None Include="map stencil.psd" />
    <None Include="map with effects.psd" />
    <None Include="map.psd" />
    <None Include="members.dat" />
    <None Include="members_WorkInProgress.woe" />
    <None Include="members_WorkInProgress.wt2003" />
    <None Include="Oz.skn" />
    <None Include="Skin.aps" />
    <None Include="Skin.clw" />
    <None Include="Skin.dsp" />
    <None Include="Skin.opt" />
    <None Include="Skin.plg" />
    <None Include="Skin.vcproj" />
    <None Include="Small_Glass.skn" />
    <None Include="Transparent.skn" />
    <None Include="Worldmap.skn" />
    <None Include="WorldTime2003.chm" />
    <None Include="WorldTime2003.dsw" />
    <None Include="data\091 Beta.zip" />
    <None Include="data\Blurb.doc" />
    <None Include="data\Install script DR.iep" />
    <None Include="data\Install script.iep" />
    <None Include="data\register.bat">
      <Filter>Source Files</Filter>
    </None>
    <None Include="data\resume.zip" />
    <None Include="data\Thumbs.db" />
    <None Include="data\WinConvert.zip" />
    <None Include="data\WinConvert98.zip" />
    <None Include="data\WorldTime Certificate.ARM" />
    <None Include="data\WorldTime Certificate.ArmV2" />
    <None Include="data\WorldTime Certificate.KeyLog" />
    <None Include="data\WorldTime Certificate.Stats" />
    <None Include="data\worldtime2003 v1.0.pml" />
    <None Include="htmlhelp\_vti_cnf\Alarms.htm" />
    <None Include="htmlhelp\_vti_cnf\Buy.htm" />
    <None Include="htmlhelp\_vti_cnf\Choose Skin.htm" />
    <None Include="htmlhelp\_vti_cnf\comments.htm" />
    <None Include="htmlhelp\_vti_cnf\features.htm" />
    <None Include="htmlhelp\_vti_cnf\introduction.htm" />
    <None Include="htmlhelp\_vti_cnf\Locations.htm" />
    <None Include="htmlhelp\_vti_cnf\Make skin.htm" />
    <None Include="htmlhelp\_vti_cnf\Members.htm" />
    <None Include="htmlhelp\_vti_cnf\Overview.htm" />
    <None Include="htmlhelp\_vti_cnf\Preferences.htm" />
    <None Include="htmlhelp\_vti_cnf\Preferences_location.htm" />
    <None Include="htmlhelp\_vti_cnf\Preferences_map.htm" />
    <None Include="htmlhelp\_vti_cnf\Preferences_sounds.htm" />
    <None Include="htmlhelp\_vti_cnf\Preferences_template.htm" />
    <None Include="htmlhelp\_vti_cnf\Preferences_time.htm" />
    <None Include="htmlhelp\_vti_cnf\Quick Start.htm" />
    <None Include="htmlhelp\_vti_cnf\release notes.htm" />
    <None Include="htmlhelp\_vti_cnf\Setup.htm" />
    <None Include="htmlhelp\_vti_cnf\support.htm" />
    <None Include="htmlhelp\_vti_cnf\welcome.htm" />
    <None Include="htmlhelp\_vti_pvt\_vti_cnf\_x_todo.htm" />
    <None Include="htmlhelp\_vti_pvt\_vti_cnf\_x_todoh.htm" />
    <None Include="htmlhelp\_vti_pvt\_x_todo.htm" />
    <None Include="htmlhelp\_vti_pvt\_x_todoh.htm" />
    <None Include="htmlhelp\Alarms.htm" />
    <None Include="htmlhelp\Buy.htm" />
    <None Include="htmlhelp\Choose Skin.htm" />
    <None Include="htmlhelp\comments.htm" />
    <None Include="htmlhelp\features.htm" />
    <None Include="htmlhelp\introduction.htm" />
    <None Include="htmlhelp\Locations.htm" />
    <None Include="htmlhelp\Make skin.htm" />
    <None Include="htmlhelp\Members.htm" />
    <None Include="htmlhelp\Overview.htm" />
    <None Include="htmlhelp\Preferences.htm" />
    <None Include="htmlhelp\Preferences_location.htm" />
    <None Include="htmlhelp\Preferences_map.htm" />
    <None Include="htmlhelp\Preferences_sounds.htm" />
    <None Include="htmlhelp\Preferences_template.htm" />
    <None Include="htmlhelp\Preferences_time.htm" />
    <None Include="htmlhelp\Quick Start.htm" />
    <None Include="htmlhelp\release notes.htm" />
    <None Include="htmlhelp\Setup.htm" />
    <None Include="htmlhelp\support.htm" />
    <None Include="htmlhelp\welcome.htm" />
    <None Include="htmlhelp\Table of Contents.hhc" />
    <None Include="Skins\Blue_Notepad.skn" />
    <None Include="Skins\default.skn" />
    <None Include="Skins\Everquest.skn" />
    <None Include="Skins\Localtime_green.skn" />
    <None Include="Skins\Localtime_Orange.skn" />
    <None Include="Skins\locations_WorkInProgress.woe" />
    <None Include="Skins\locations_WorkInProgress.wt2003" />
    <None Include="Skins\members_WorkInProgress.woe" />
    <None Include="Skins\members_WorkInProgress.wt2003" />
    <None Include="Skins\Oz.skn" />
    <None Include="Skins\Small_Glass.skn" />
    <None Include="Skins\Title_Bar.skn" />
    <None Include="Skins\Title_Bar2.skn" />
    <None Include="Skins\Transparent.skn" />
    <None Include="Skins\Worldmap.skn" />
    <None Include="Sounds\locations_WorkInProgress.woe" />
    <None Include="Sounds\members_WorkInProgress.woe" />
    <None Include="Work\25.psd" />
    <None Include="Work\blue button template.psd" />
    <None Include="Work\notepade.psd" />
    <None Include="Work\red button template.psd" />
    <None Include="Work\Thumbs.db" />
  </ItemGroup>
  <ItemGroup>
    <Text Include="ReadMe.txt" />
    <Text Include="data\license.txt" />
    <Text Include="data\newdefault.txt" />
    <Text Include="data\readne 1st.txt" />
  </ItemGroup>
  <ItemGroup>
    <Media Include="Sounds\ALARM1.WAV" />
    <Media Include="Sounds\ALARM2.WAV" />
    <Media Include="Sounds\ALARM3.WAV" />
    <Media Include="Sounds\ALARM4.WAV" />
    <Media Include="Sounds\ALARM5.WAV" />
    <Media Include="Sounds\ALARM6.WAV" />
    <Media Include="Sounds\ALARM7.WAV" />
    <Media Include="Sounds\ALARM8.WAV" />
    <Media Include="Sounds\CHIME1.WAV" />
    <Media Include="Sounds\CHIME2.WAV" />
    <Media Include="Sounds\CUCKOO1.WAV" />
  </ItemGroup>
</Project>